<?xml version="1.0" encoding="utf-8"?>
<Project ToolsVersion="4.0" xmlns="http://schemas.microsoft.com/developer/msbuild/2003">
  <ItemGroup>
    <Filter Include="ソース ファイル">
      <UniqueIdentifier>{4FC737F1-C7A5-4376-A066-2A32D752A2FF}</UniqueIdentifier>
      <Extensions>cpp;c;cc;cxx;c++;cppm;ixx;def;odl;idl;hpj;bat;asm;asmx</Extensions>
    </Filter>
    <Filter Include="ヘッダー ファイル">
      <UniqueIdentifier>{93995380-89BD-4b04-88EB-625FBE52EBFB}</UniqueIdentifier>
      <Extensions>h;hh;hpp;hxx;h++;hm;inl;inc;ipp;xsd</Extensions>
    </Filter>
    <Filter Include="リソース ファイル">
      <UniqueIdentifier>{67DA6AB6-F800-4c08-8B7A-83BB121AAD01}</UniqueIdentifier>
      <Extensions>rc;ico;cur;bmp;dlg;rc2;rct;bin;rgs;gif;jpg;jpeg;jpe;resx;tiff;tif;png;wav;mfcribbon-ms</Extensions>
    </Filter>
  </ItemGroup>
  <ItemGroup>
    <ClCompile Include="main.cpp">
      <Filter>ソース ファイル</Filter>
    </ClCompile>
    <ClCompile Include="Utility\Input.cpp">
      <Filter>ソース ファイル</Filter>
    </ClCompile>
    <ClCompile Include="Scene\SceneBase.cpp">
      <Filter>ソース ファイル</Filter>
    </ClCompile>
    <ClCompile Include="Scene\SceneTest.cpp">
      <Filter>ソース ファイル</Filter>
    </ClCompile>
    <ClCompile Include="Scene\SceneManager.cpp">
      <Filter>ソース ファイル</Filter>
    </ClCompile>
    <ClCompile Include="Utility\GameSetting.cpp">
      <Filter>ソース ファイル</Filter>
    </ClCompile>
    <ClCompile Include="Camera\CameraOld.cpp">
      <Filter>ソース ファイル</Filter>
    </ClCompile>
    <ClCompile Include="System\SoundManager.cpp">
      <Filter>ソース ファイル</Filter>
    </ClCompile>
    <ClCompile Include="World\Character\AnimatioController.cpp">
      <Filter>ソース ファイル</Filter>
    </ClCompile>
    <ClCompile Include="Utility\Vector3.cpp">
      <Filter>ソース ファイル</Filter>
    </ClCompile>
    <ClCompile Include="Utility\MyRandom.cpp">
      <Filter>ソース ファイル</Filter>
    </ClCompile>
    <ClCompile Include="World\Component\Collision.cpp">
      <Filter>ソース ファイル</Filter>
    </ClCompile>
    <ClCompile Include="World\GameObject.cpp">
      <Filter>ソース ファイル</Filter>
    </ClCompile>
    <ClCompile Include="World\Character\Bee.cpp">
      <Filter>ソース ファイル</Filter>
    </ClCompile>
    <ClCompile Include="World\Character\Player\Player.cpp">
      <Filter>ソース ファイル</Filter>
    </ClCompile>
    <ClCompile Include="World\Character\Enemy\Enemy.cpp">
      <Filter>ソース ファイル</Filter>
    </ClCompile>
    <ClCompile Include="World\Character\CharacterMove.cpp">
      <Filter>ソース ファイル</Filter>
    </ClCompile>
    <ClCompile Include="World\UI\GaugeShow.cpp">
      <Filter>ソース ファイル</Filter>
    </ClCompile>
    <ClCompile Include="World\Object\Barrier.cpp">
      <Filter>ソース ファイル</Filter>
    </ClCompile>
    <ClCompile Include="World\UI\Gauge.cpp">
      <Filter>ソース ファイル</Filter>
    </ClCompile>
    <ClCompile Include="Camera\Camera.cpp">
      <Filter>ソース ファイル</Filter>
    </ClCompile>
    <ClCompile Include="Camera\FollowCamera.cpp">
      <Filter>ソース ファイル</Filter>
    </ClCompile>
    <ClCompile Include="World\UI\UIManager.cpp">
      <Filter>ソース ファイル</Filter>
    </ClCompile>
    <ClCompile Include="Utility\CsvLoader.cpp">
      <Filter>ソース ファイル</Filter>
    </ClCompile>
    <ClCompile Include="World\UI\GaugePlayer.cpp">
      <Filter>ソース ファイル</Filter>
    </ClCompile>
    <ClCompile Include="World\Character\Enemy\EnemyManager.cpp">
      <Filter>ソース ファイル</Filter>
    </ClCompile>
    <ClCompile Include="World\Character\Guardian\Dragon.cpp">
      <Filter>ソース ファイル</Filter>
    </ClCompile>
    <ClCompile Include="Camera\CameraManager.cpp">
      <Filter>ソース ファイル</Filter>
    </ClCompile>
    <ClCompile Include="World\Character\Guardian\DragonAttack.cpp">
      <Filter>ソース ファイル</Filter>
    </ClCompile>
    <ClCompile Include="Utility\Time.cpp">
      <Filter>ソース ファイル</Filter>
    </ClCompile>
    <ClCompile Include="World\UI\CharaGauge.cpp">
      <Filter>ソース ファイル</Filter>
    </ClCompile>
    <ClCompile Include="World\UI\GaugeDragon.cpp">
      <Filter>ソース ファイル</Filter>
    </ClCompile>
    <ClCompile Include="Camera\DebugCamera.cpp">
      <Filter>ソース ファイル</Filter>
    </ClCompile>
    <ClCompile Include="World\Character\CharaGaugeManager.cpp">
      <Filter>ソース ファイル</Filter>
    </ClCompile>
    <ClCompile Include="System\FontManager.cpp">
      <Filter>ソース ファイル</Filter>
    </ClCompile>
    <ClCompile Include="World\Map\MapCreate.cpp">
      <Filter>ソース ファイル</Filter>
    </ClCompile>
    <ClCompile Include="World\Map\MapManager.cpp">
      <Filter>ソース ファイル</Filter>
    </ClCompile>
    <ClCompile Include="World\Map\MapTile.cpp">
      <Filter>ソース ファイル</Filter>
    </ClCompile>
    <ClCompile Include="World\Map\MapDraw.cpp">
      <Filter>ソース ファイル</Filter>
    </ClCompile>
  </ItemGroup>
  <ItemGroup>
    <Image Include="Image\Cloud.png">
      <Filter>リソース ファイル</Filter>
    </Image>
    <Image Include="Resource\main.png">
      <Filter>リソース ファイル</Filter>
    </Image>
    <Image Include="Resource\title.jpeg">
      <Filter>リソース ファイル</Filter>
    </Image>
    <Image Include="Resource\ChaWitch\Textures\Cha_Witch.png">
      <Filter>リソース ファイル</Filter>
    </Image>
    <Image Include="Resource\UI\PlayerFace.png">
      <Filter>リソース ファイル</Filter>
    </Image>
    <Image Include="Resource\UI\DoragonFace.png">
      <Filter>リソース ファイル</Filter>
    </Image>
    <Image Include="Resource\UI\HPGauge.png">
      <Filter>リソース ファイル</Filter>
    </Image>
    <Image Include="Resource\UI\MPFrame.png">
      <Filter>リソース ファイル</Filter>
    </Image>
    <Image Include="Resource\UI\MPGauge.png">
      <Filter>リソース ファイル</Filter>
    </Image>
    <Image Include="Resource\UI\FaceBack.png">
      <Filter>リソース ファイル</Filter>
    </Image>
    <Image Include="Resource\UI\GaugeBack.png">
      <Filter>リソース ファイル</Filter>
    </Image>
    <Image Include="Resource\UI\HPFrame.png">
      <Filter>リソース ファイル</Filter>
    </Image>
    <Image Include="Resource\UI\HPFront.png">
      <Filter>リソース ファイル</Filter>
    </Image>
    <Image Include="Resource\UI\HPGaugeBody.png">
      <Filter>リソース ファイル</Filter>
    </Image>
    <Image Include="Resource\UI\HPGaugeHead.png">
      <Filter>リソース ファイル</Filter>
    </Image>
    <Image Include="Resource\UI\MPFront.png">
      <Filter>リソース ファイル</Filter>
    </Image>
    <Image Include="Resource\UI\MPGaugeBody.png">
      <Filter>リソース ファイル</Filter>
    </Image>
    <Image Include="Resource\UI\MPGaugeFoot.png">
      <Filter>リソース ファイル</Filter>
    </Image>
    <Image Include="Resource\UI\MPGaugeHead.png">
      <Filter>リソース ファイル</Filter>
    </Image>
    <Image Include="Resource\Enemy\Queen\Texture\T_GastaroidQueen_BaseColor.png">
      <Filter>リソース ファイル</Filter>
    </Image>
    <Image Include="Resource\Enemy\Queen\Texture\T_GastaroidQueen_MetallicSmoothness.tga" />
    <Image Include="Resource\Enemy\Queen\Texture\T_GastaroidQueen_Normal.png">
      <Filter>リソース ファイル</Filter>
    </Image>
    <Image Include="Resource\Enemy\Queen\Texture\T_GastaroidQueen_Occlusion.png">
      <Filter>リソース ファイル</Filter>
    </Image>
  </ItemGroup>
  <ItemGroup>
    <ClInclude Include="Utility\Game.h">
      <Filter>ヘッダー ファイル</Filter>
    </ClInclude>
    <ClInclude Include="Utility\Input.h">
      <Filter>ヘッダー ファイル</Filter>
    </ClInclude>
    <ClInclude Include="Scene\SceneBase.h">
      <Filter>ヘッダー ファイル</Filter>
    </ClInclude>
    <ClInclude Include="Scene\SceneTest.h">
      <Filter>ヘッダー ファイル</Filter>
    </ClInclude>
    <ClInclude Include="Scene\SceneManager.h">
      <Filter>ヘッダー ファイル</Filter>
    </ClInclude>
    <ClInclude Include="Utility\Color.h">
      <Filter>ヘッダー ファイル</Filter>
    </ClInclude>
    <ClInclude Include="Utility\GameSetting.h">
      <Filter>ヘッダー ファイル</Filter>
    </ClInclude>
    <ClInclude Include="Camera\CameraOld.h">
      <Filter>ヘッダー ファイル</Filter>
    </ClInclude>
    <ClInclude Include="Utility\MyMath.h">
      <Filter>ヘッダー ファイル</Filter>
    </ClInclude>
    <ClInclude Include="System\SoundManager.h">
      <Filter>ヘッダー ファイル</Filter>
    </ClInclude>
    <ClInclude Include="World\Character\AnimatioController.h">
      <Filter>ヘッダー ファイル</Filter>
    </ClInclude>
    <ClInclude Include="World\Character\Animation.h">
      <Filter>ヘッダー ファイル</Filter>
    </ClInclude>
    <ClInclude Include="Utility\Vector3.h">
      <Filter>ヘッダー ファイル</Filter>
    </ClInclude>
    <ClInclude Include="Utility\MyRandom.h">
      <Filter>ヘッダー ファイル</Filter>
    </ClInclude>
    <ClInclude Include="World\Component\Collision.h">
      <Filter>ヘッダー ファイル</Filter>
    </ClInclude>
    <ClInclude Include="World\Component\Transform.h">
      <Filter>ヘッダー ファイル</Filter>
    </ClInclude>
    <ClInclude Include="World\GameObject.h">
      <Filter>ヘッダー ファイル</Filter>
    </ClInclude>
    <ClInclude Include="World\Character\Bee.h">
      <Filter>ヘッダー ファイル</Filter>
    </ClInclude>
    <ClInclude Include="World\Character\Player\Player.h">
      <Filter>ヘッダー ファイル</Filter>
    </ClInclude>
    <ClInclude Include="World\Character\Enemy\Enemy.h">
      <Filter>ヘッダー ファイル</Filter>
    </ClInclude>
    <ClInclude Include="World\Character\CharacterMove.h">
      <Filter>ヘッダー ファイル</Filter>
    </ClInclude>
    <ClInclude Include="World\UI\GaugeShow.h">
      <Filter>ヘッダー ファイル</Filter>
    </ClInclude>
    <ClInclude Include="World\Object\Barrier.h">
      <Filter>ヘッダー ファイル</Filter>
    </ClInclude>
    <ClInclude Include="World\UI\Gauge.h">
      <Filter>ヘッダー ファイル</Filter>
    </ClInclude>
    <ClInclude Include="Camera\Camera.h">
      <Filter>ヘッダー ファイル</Filter>
    </ClInclude>
    <ClInclude Include="Camera\FollowCamera.h">
      <Filter>ヘッダー ファイル</Filter>
    </ClInclude>
    <ClInclude Include="World\UI\UIManager.h">
      <Filter>ヘッダー ファイル</Filter>
    </ClInclude>
    <ClInclude Include="Utility\CsvLoader.h">
      <Filter>ヘッダー ファイル</Filter>
    </ClInclude>
    <ClInclude Include="World\UI\GaugePlayer.h">
      <Filter>ヘッダー ファイル</Filter>
    </ClInclude>
    <ClInclude Include="World\UI\GaugeParam.h">
      <Filter>ヘッダー ファイル</Filter>
    </ClInclude>
    <ClInclude Include="World\Character\Enemy\EnemyManager.h">
      <Filter>ヘッダー ファイル</Filter>
    </ClInclude>
    <ClInclude Include="World\Character\Guardian\Dragon.h">
      <Filter>ヘッダー ファイル</Filter>
    </ClInclude>
    <ClInclude Include="Camera\CameraManager.h">
      <Filter>ヘッダー ファイル</Filter>
    </ClInclude>
    <ClInclude Include="World\Character\Guardian\DragonAttack.h">
      <Filter>ヘッダー ファイル</Filter>
    </ClInclude>
    <ClInclude Include="Utility\Time.h">
      <Filter>ヘッダー ファイル</Filter>
    </ClInclude>
    <ClInclude Include="World\UI\CharaGauge.h">
      <Filter>ヘッダー ファイル</Filter>
    </ClInclude>
    <ClInclude Include="World\UI\GaugeDragon.h">
      <Filter>ヘッダー ファイル</Filter>
    </ClInclude>
    <ClInclude Include="Camera\DebugCamera.h">
      <Filter>ヘッダー ファイル</Filter>
    </ClInclude>
    <ClInclude Include="World\Character\CharaGaugeManager.h">
      <Filter>ヘッダー ファイル</Filter>
    </ClInclude>
    <ClInclude Include="System\FontManager.h">
      <Filter>ヘッダー ファイル</Filter>
    </ClInclude>
    <ClInclude Include="World\Map\MapTile.h">
      <Filter>ヘッダー ファイル</Filter>
    </ClInclude>
    <ClInclude Include="World\Map\MapConst.h">
      <Filter>ヘッダー ファイル</Filter>
    </ClInclude>
    <ClInclude Include="World\Map\MapCreate.h">
      <Filter>ヘッダー ファイル</Filter>
    </ClInclude>
    <ClInclude Include="World\Map\MapManager.h">
      <Filter>ヘッダー ファイル</Filter>
    </ClInclude>
    <ClInclude Include="World\Map\MapDraw.h">
      <Filter>ヘッダー ファイル</Filter>
    </ClInclude>
  </ItemGroup>
  <ItemGroup>
    <None Include="Resource\Bee.mv1" />
    <None Include="Resource\ChaWitch\ChaWitch.mv1" />
    <None Include="Resource\ChaWitch\Textures\Cha_Witch.png.meta" />
    <None Include="Resource\ChaWitch\Materials\Mat_Cha_Witch.mat" />
    <None Include="Resource\ChaWitch\Motions\Damage.mv1" />
    <None Include="Resource\ChaWitch\Motions\Dead.mv1" />
    <None Include="Resource\ChaWitch\Motions\Idle.mv1" />
    <None Include="Resource\ChaWitch\Motions\Parry.mv1" />
    <None Include="Resource\ChaWitch\Motions\Walk.mv1" />
    <None Include="Resource\ChaWitch\Motions\Parry.fbx" />
    <None Include="Resource\ChaWitch\Motions\Walk.fbx" />
    <None Include="Resource\ChaWitch\ChaWitchM.mv1" />
    <None Include="Resource\ChaWitch\ChaWitchMesh.mv1" />
    <None Include="Resource\CSV\PlayerEmiColor.csv" />
    <None Include="Resource\CSV\PlayerModelPath.csv" />
    <None Include="Resource\UI\HPFrame.psd" />
    <None Include="Resource\UI\HPGauge.psd" />
    <None Include="Resource\UI\HPGaugeBody.psd" />
    <None Include="Resource\UI\MPFrame.psd" />
    <None Include="Resource\UI\MPGauge.psd" />
    <None Include="Resource\UI\MPGaugeBody.psd" />
    <None Include="Resource\Dragon\ChaDragon\Model.mv1" />
    <None Include="Resource\Dragon\ChaDragon\Motions\Attack.mv1" />
    <None Include="Resource\Dragon\ChaDragon\Motions\Damage.mv1" />
    <None Include="Resource\Dragon\ChaDragon\Motions\Death.mv1" />
    <None Include="Resource\Dragon\ChaDragon\Motions\Idle.mv1" />
    <None Include="Resource\Dragon\ChaDragon\Motions\Move.mv1" />
    <None Include="Resource\Enemy\Queen\Animation\Death.mv1" />
    <None Include="Resource\Enemy\Queen\Animation\GastaroidQueen%402HitComboClawsAttack1Forward.FBX" />
    <None Include="Resource\Enemy\Queen\Animation\GastaroidQueen%402HitComboClawsAttack2.FBX" />
    <None Include="Resource\Enemy\Queen\Animation\GastaroidQueen%40Death.FBX" />
    <None Include="Resource\Enemy\Queen\Animation\GastaroidQueen%40GetHit1.FBX" />
    <None Include="Resource\Enemy\Queen\Animation\GastaroidQueen%40GetHit2.FBX" />
    <None Include="Resource\Enemy\Queen\Animation\GastaroidQueen%40Idle.FBX" />
    <None Include="Resource\Enemy\Queen\Animation\GastaroidQueen%40JumpClawsAttack.FBX" />
    <None Include="Resource\Enemy\Queen\Animation\GastaroidQueen%40LeftClawsAttack.FBX" />
    <None Include="Resource\Enemy\Queen\Animation\GastaroidQueen%40LeftClawsAttackForward.FBX" />
    <None Include="Resource\Enemy\Queen\Animation\GastaroidQueen%40RightClawsAttack.FBX" />
    <None Include="Resource\Enemy\Queen\Animation\GastaroidQueen%40Roar.FBX" />
    <None Include="Resource\Enemy\Queen\Animation\GastaroidQueen%40Run.FBX" />
    <None Include="Resource\Enemy\Queen\Animation\GastaroidQueen%40TailAttackRight.FBX" />
    <None Include="Resource\Enemy\Queen\Animation\GastaroidQueen%40TurnLeft180.FBX" />
    <None Include="Resource\Enemy\Queen\Animation\GastaroidQueen%40TurnRight180.FBX" />
    <None Include="Resource\Enemy\Queen\Animation\GastaroidQueen%40Walk.FBX" />
    <None Include="Resource\Enemy\Queen\Animation\Idle.mv1" />
    <None Include="Resource\Enemy\Queen\Animation\Roar.mv1" />
    <None Include="Resource\Enemy\Queen\Animation\Run.mv1" />
    <None Include="Resource\Enemy\Queen\Animation\Walk.mv1" />
    <None Include="Resource\Enemy\Queen\Queen.mv1" />
    <None Include="Resource\Enemy\Queen\Texture\T_GastaroidQueen_BaseColor.png.meta" />
    <None Include="Resource\Enemy\Queen\Texture\T_GastaroidQueen_MetallicSmoothness.tga.meta" />
    <None Include="Resource\Enemy\Queen\Texture\T_GastaroidQueen_Normal.png.meta" />
    <None Include="Resource\Enemy\Queen\Texture\T_GastaroidQueen_Occlusion.png.meta" />
  </ItemGroup>
  <ItemGroup>
    <Text Include="Resource\ChaWitch\Log.txt" />
    <Text Include="Resource\Enemy\Queen\Log.txt" />
  </ItemGroup>
</Project>